
Microsoft Visual Studio Solution File, Format Version 12.00
# Visual Studio Version 17
VisualStudioVersion = 17.1.32421.90
MinimumVisualStudioVersion = 10.0.40219.1
Project("{9A19103F-16F7-4668-BE54-9A1E7A4F7556}") = "CarRacing", "CarRacing.csproj", "{EDA4E9E9-365A-4CE0-8680-7EFC7D7AFC35}"
EndProject
Global
	GlobalSection(SolutionConfigurationPlatforms) = preSolution
		Debug|Any CPU = Debug|Any CPU
		Release|Any CPU = Release|Any CPU
	EndGlobalSection
	GlobalSection(ProjectConfigurationPlatforms) = postSolution
		{EDA4E9E9-365A-4CE0-8680-7EFC7D7AFC35}.Debug|Any CPU.ActiveCfg = Debug|Any CPU
		{EDA4E9E9-365A-4CE0-8680-7EFC7D7AFC35}.Debug|Any CPU.Build.0 = Debug|Any CPU
		{EDA4E9E9-365A-4CE0-8680-7EFC7D7AFC35}.Release|Any CPU.ActiveCfg = Release|Any CPU
		{EDA4E9E9-365A-4CE0-8680-7EFC7D7AFC35}.Release|Any CPU.Build.0 = Release|Any CPU
	EndGlobalSection
	GlobalSection(SolutionProperties) = preSolution
		HideSolutionNode = FALSE
	EndGlobalSection
	GlobalSection(ExtensibilityGlobals) = postSolution
		SolutionGuid = {8920B2B9-EE69-4A3C-AE3B-0AD646B0CC8B}
	EndGlobalSection
EndGlobal
